
Microsoft Visual Studio Solution File, Format Version 12.00
# Visual Studio Version 17
VisualStudioVersion = 17.6.33829.357
MinimumVisualStudioVersion = 10.0.40219.1
Project("{FAE04EC0-301F-11D3-BF4B-00C04F79EFBC}") = "WindowsFormsApp1", "WindowsFormsApp1\WindowsFormsApp1.csproj", "{E4DD3A61-15DA-424B-815A-2DCEAC8D2542}"
EndProject
Global
	GlobalSection(SolutionConfigurationPlatforms) = preSolution
		Debug|Any CPU = Debug|Any CPU
		Release|Any CPU = Release|Any CPU
	EndGlobalSection
	GlobalSection(ProjectConfigurationPlatforms) = postSolution
		{E4DD3A61-15DA-424B-815A-2DCEAC8D2542}.Debug|Any CPU.ActiveCfg = Debug|Any CPU
		{E4DD3A61-15DA-424B-815A-2DCEAC8D2542}.Debug|Any CPU.Build.0 = Debug|Any CPU
		{E4DD3A61-15DA-424B-815A-2DCEAC8D2542}.Release|Any CPU.ActiveCfg = Release|Any CPU
		{E4DD3A61-15DA-424B-815A-2DCEAC8D2542}.Release|Any CPU.Build.0 = Release|Any CPU
	EndGlobalSection
	GlobalSection(SolutionProperties) = preSolution
		HideSolutionNode = FALSE
	EndGlobalSection
	GlobalSection(ExtensibilityGlobals) = postSolution
		SolutionGuid = {6B7931B8-18F6-45FB-9B3B-693683FFEF56}
	EndGlobalSection
EndGlobal
